{
  "version": 4,
  "terraform_version": "0.13.4",
  "serial": 72,
  "lineage": "a9900c7a-1c1b-9935-e1f3-e6898b1cef8b",
  "outputs": {
    "kubeone_api": {
      "value": {
        "endpoint": "tchedre-k8s-udagram-api-lb-678635016.us-east-1.elb.amazonaws.com"
      },
      "type": [
        "object",
        {
          "endpoint": "string"
        }
      ]
    },
    "kubeone_hosts": {
      "value": {
        "control_plane": {
          "bastion": "3.237.196.32",
          "bastion_port": 22,
          "bastion_user": "ubuntu",
          "cloud_provider": "aws",
          "cluster_name": "tchedre-k8s-udagram",
          "hostnames": [
            "ip-172-31-112-165.ec2.internal",
            "ip-172-31-113-39.ec2.internal",
            "ip-172-31-114-17.ec2.internal"
          ],
          "private_address": [
            "172.31.112.165",
            "172.31.113.39",
            "172.31.114.17"
          ],
          "ssh_agent_socket": "env:SSH_AUTH_SOCK",
          "ssh_port": 22,
          "ssh_private_key_file": "",
          "ssh_user": "ubuntu"
        }
      },
      "type": [
        "object",
        {
          "control_plane": [
            "object",
            {
              "bastion": "string",
              "bastion_port": "number",
              "bastion_user": "string",
              "cloud_provider": "string",
              "cluster_name": "string",
              "hostnames": [
                "tuple",
                [
                  "string",
                  "string",
                  "string"
                ]
              ],
              "private_address": [
                "tuple",
                [
                  "string",
                  "string",
                  "string"
                ]
              ],
              "ssh_agent_socket": "string",
              "ssh_port": "number",
              "ssh_private_key_file": "string",
              "ssh_user": "string"
            }
          ]
        }
      ]
    },
    "kubeone_workers": {
      "value": {
        "tchedre-k8s-udagram-us-east-1a": {
          "providerSpec": {
            "cloudProviderSpec": {
              "ami": "ami-0c43b23f011ba5061",
              "assignPublicIP": true,
              "availabilityZone": "us-east-1a",
              "diskIops": 500,
              "diskSize": 50,
              "diskType": "gp2",
              "ebsVolumeEncrypted": false,
              "instanceProfile": "tchedre-k8s-udagram-host",
              "instanceType": "t3.medium",
              "isSpotInstance": false,
              "region": "us-east-1",
              "securityGroupIDs": [
                "sg-08b5bcb75e0af7130"
              ],
              "subnetId": "subnet-060e03e91a96f2e0b",
              "tags": {
                "tchedre-k8s-udagram-workers": ""
              },
              "vpcId": "vpc-587c6822"
            },
            "operatingSystem": "ubuntu",
            "operatingSystemSpec": {
              "distUpgradeOnBoot": false
            },
            "sshPublicKeys": [
              "ssh-rsa AAAAB3NzaC1yc2EAAAADAQABAAABgQDAnDHvPg4XqpdJ9h/UT2gywk2+3skXCP6aBXbva78dILIX1dEVQz6xZz5Zc981UN1bcyu/JMLPjDCp22fQPw7h2U0xCNlrcPntRfWyj+9S//uOiB3Cik3eK5caODenbDCKe7N1x2PB33KlcOQhw/LXUOEsSMmsR7YUoYstjm49IyMw8lTXO5xQ+d6ntgptWA80CKLU5kpW2yIUJleDR53Y4QQevJxXe2MxBVkuww1ImVl6gMscroLr9OUaS+txZKtgk+QQk5MrZnDxSr4MgC2j4GuJJbd4MrkXAtlWf6LINXC7Hmt74hbzBcjcG488YCgPKIlCV0RR7VBLHeSCHiihtj0Lx3W9F6AtQlKn/76pO3yfJBLj1P7Rq1MwEzFEQC5Kio1PBoFwVyJu1A0ZQSOe/rQ6SWQFw5HpGxpzH0OuUKiPLxrMf4o2ZmGYxgVeUDO0NI83j62B5Z8B5za+a3Rq9tSt1tClgJQq/Emth6KSEyBAQ4UaXAU1P7EkhuCXRPc= tchedre@tchedre-OptiPlex-9010"
            ]
          },
          "replicas": 1
        },
        "tchedre-k8s-udagram-us-east-1b": {
          "providerSpec": {
            "cloudProviderSpec": {
              "ami": "ami-0c43b23f011ba5061",
              "assignPublicIP": true,
              "availabilityZone": "us-east-1b",
              "diskIops": 500,
              "diskSize": 50,
              "diskType": "gp2",
              "ebsVolumeEncrypted": false,
              "instanceProfile": "tchedre-k8s-udagram-host",
              "instanceType": "t3.medium",
              "isSpotInstance": false,
              "region": "us-east-1",
              "securityGroupIDs": [
                "sg-08b5bcb75e0af7130"
              ],
              "subnetId": "subnet-00cf5d74b5fd03e31",
              "tags": {
                "tchedre-k8s-udagram-workers": ""
              },
              "vpcId": "vpc-587c6822"
            },
            "operatingSystem": "ubuntu",
            "operatingSystemSpec": {
              "distUpgradeOnBoot": false
            },
            "sshPublicKeys": [
              "ssh-rsa AAAAB3NzaC1yc2EAAAADAQABAAABgQDAnDHvPg4XqpdJ9h/UT2gywk2+3skXCP6aBXbva78dILIX1dEVQz6xZz5Zc981UN1bcyu/JMLPjDCp22fQPw7h2U0xCNlrcPntRfWyj+9S//uOiB3Cik3eK5caODenbDCKe7N1x2PB33KlcOQhw/LXUOEsSMmsR7YUoYstjm49IyMw8lTXO5xQ+d6ntgptWA80CKLU5kpW2yIUJleDR53Y4QQevJxXe2MxBVkuww1ImVl6gMscroLr9OUaS+txZKtgk+QQk5MrZnDxSr4MgC2j4GuJJbd4MrkXAtlWf6LINXC7Hmt74hbzBcjcG488YCgPKIlCV0RR7VBLHeSCHiihtj0Lx3W9F6AtQlKn/76pO3yfJBLj1P7Rq1MwEzFEQC5Kio1PBoFwVyJu1A0ZQSOe/rQ6SWQFw5HpGxpzH0OuUKiPLxrMf4o2ZmGYxgVeUDO0NI83j62B5Z8B5za+a3Rq9tSt1tClgJQq/Emth6KSEyBAQ4UaXAU1P7EkhuCXRPc= tchedre@tchedre-OptiPlex-9010"
            ]
          },
          "replicas": 1
        },
        "tchedre-k8s-udagram-us-east-1c": {
          "providerSpec": {
            "cloudProviderSpec": {
              "ami": "ami-0c43b23f011ba5061",
              "assignPublicIP": true,
              "availabilityZone": "us-east-1c",
              "diskIops": 500,
              "diskSize": 50,
              "diskType": "gp2",
              "ebsVolumeEncrypted": false,
              "instanceProfile": "tchedre-k8s-udagram-host",
              "instanceType": "t3.medium",
              "isSpotInstance": false,
              "region": "us-east-1",
              "securityGroupIDs": [
                "sg-08b5bcb75e0af7130"
              ],
              "subnetId": "subnet-06f16f722318228ea",
              "tags": {
                "tchedre-k8s-udagram-workers": ""
              },
              "vpcId": "vpc-587c6822"
            },
            "operatingSystem": "ubuntu",
            "operatingSystemSpec": {
              "distUpgradeOnBoot": false
            },
            "sshPublicKeys": [
              "ssh-rsa AAAAB3NzaC1yc2EAAAADAQABAAABgQDAnDHvPg4XqpdJ9h/UT2gywk2+3skXCP6aBXbva78dILIX1dEVQz6xZz5Zc981UN1bcyu/JMLPjDCp22fQPw7h2U0xCNlrcPntRfWyj+9S//uOiB3Cik3eK5caODenbDCKe7N1x2PB33KlcOQhw/LXUOEsSMmsR7YUoYstjm49IyMw8lTXO5xQ+d6ntgptWA80CKLU5kpW2yIUJleDR53Y4QQevJxXe2MxBVkuww1ImVl6gMscroLr9OUaS+txZKtgk+QQk5MrZnDxSr4MgC2j4GuJJbd4MrkXAtlWf6LINXC7Hmt74hbzBcjcG488YCgPKIlCV0RR7VBLHeSCHiihtj0Lx3W9F6AtQlKn/76pO3yfJBLj1P7Rq1MwEzFEQC5Kio1PBoFwVyJu1A0ZQSOe/rQ6SWQFw5HpGxpzH0OuUKiPLxrMf4o2ZmGYxgVeUDO0NI83j62B5Z8B5za+a3Rq9tSt1tClgJQq/Emth6KSEyBAQ4UaXAU1P7EkhuCXRPc= tchedre@tchedre-OptiPlex-9010"
            ]
          },
          "replicas": 1
        }
      },
      "type": [
        "object",
        {
          "tchedre-k8s-udagram-us-east-1a": [
            "object",
            {
              "providerSpec": [
                "object",
                {
                  "cloudProviderSpec": [
                    "object",
                    {
                      "ami": "string",
                      "assignPublicIP": "bool",
                      "availabilityZone": "string",
                      "diskIops": "number",
                      "diskSize": "number",
                      "diskType": "string",
                      "ebsVolumeEncrypted": "bool",
                      "instanceProfile": "string",
                      "instanceType": "string",
                      "isSpotInstance": "bool",
                      "region": "string",
                      "securityGroupIDs": [
                        "tuple",
                        [
                          "string"
                        ]
                      ],
                      "subnetId": "string",
                      "tags": [
                        "object",
                        {
                          "tchedre-k8s-udagram-workers": "string"
                        }
                      ],
                      "vpcId": "string"
                    }
                  ],
                  "operatingSystem": "string",
                  "operatingSystemSpec": [
                    "object",
                    {
                      "distUpgradeOnBoot": "bool"
                    }
                  ],
                  "sshPublicKeys": [
                    "tuple",
                    [
                      "string"
                    ]
                  ]
                }
              ],
              "replicas": "number"
            }
          ],
          "tchedre-k8s-udagram-us-east-1b": [
            "object",
            {
              "providerSpec": [
                "object",
                {
                  "cloudProviderSpec": [
                    "object",
                    {
                      "ami": "string",
                      "assignPublicIP": "bool",
                      "availabilityZone": "string",
                      "diskIops": "number",
                      "diskSize": "number",
                      "diskType": "string",
                      "ebsVolumeEncrypted": "bool",
                      "instanceProfile": "string",
                      "instanceType": "string",
                      "isSpotInstance": "bool",
                      "region": "string",
                      "securityGroupIDs": [
                        "tuple",
                        [
                          "string"
                        ]
                      ],
                      "subnetId": "string",
                      "tags": [
                        "object",
                        {
                          "tchedre-k8s-udagram-workers": "string"
                        }
                      ],
                      "vpcId": "string"
                    }
                  ],
                  "operatingSystem": "string",
                  "operatingSystemSpec": [
                    "object",
                    {
                      "distUpgradeOnBoot": "bool"
                    }
                  ],
                  "sshPublicKeys": [
                    "tuple",
                    [
                      "string"
                    ]
                  ]
                }
              ],
              "replicas": "number"
            }
          ],
          "tchedre-k8s-udagram-us-east-1c": [
            "object",
            {
              "providerSpec": [
                "object",
                {
                  "cloudProviderSpec": [
                    "object",
                    {
                      "ami": "string",
                      "assignPublicIP": "bool",
                      "availabilityZone": "string",
                      "diskIops": "number",
                      "diskSize": "number",
                      "diskType": "string",
                      "ebsVolumeEncrypted": "bool",
                      "instanceProfile": "string",
                      "instanceType": "string",
                      "isSpotInstance": "bool",
                      "region": "string",
                      "securityGroupIDs": [
                        "tuple",
                        [
                          "string"
                        ]
                      ],
                      "subnetId": "string",
                      "tags": [
                        "object",
                        {
                          "tchedre-k8s-udagram-workers": "string"
                        }
                      ],
                      "vpcId": "string"
                    }
                  ],
                  "operatingSystem": "string",
                  "operatingSystemSpec": [
                    "object",
                    {
                      "distUpgradeOnBoot": "bool"
                    }
                  ],
                  "sshPublicKeys": [
                    "tuple",
                    [
                      "string"
                    ]
                  ]
                }
              ],
              "replicas": "number"
            }
          ]
        }
      ]
    }
  },
  "resources": [
    {
      "mode": "data",
      "type": "aws_ami",
      "name": "ami",
      "provider": "provider[\"registry.terraform.io/hashicorp/aws\"]",
      "instances": [
        {
          "schema_version": 0,
          "attributes": {
            "architecture": "x86_64",
            "arn": "arn:aws:ec2:us-east-1::image/ami-0c43b23f011ba5061",
            "block_device_mappings": [
              {
                "device_name": "/dev/sda1",
                "ebs": {
                  "delete_on_termination": "true",
                  "encrypted": "false",
                  "iops": "0",
                  "snapshot_id": "snap-0c18d947b49af768a",
                  "volume_size": "8",
                  "volume_type": "gp2"
                },
                "no_device": "",
                "virtual_name": ""
              },
              {
                "device_name": "/dev/sdb",
                "ebs": {},
                "no_device": "",
                "virtual_name": "ephemeral0"
              },
              {
                "device_name": "/dev/sdc",
                "ebs": {},
                "no_device": "",
                "virtual_name": "ephemeral1"
              }
            ],
            "creation_date": "2020-09-25T01:16:05.000Z",
            "description": "Canonical, Ubuntu, 20.04 LTS, amd64 focal image build on 2020-09-24",
            "executable_users": null,
            "filter": [
              {
                "name": "name",
                "values": [
                  "ubuntu/images/hvm-ssd/ubuntu-focal-20.04-amd64-server-*"
                ]
              },
              {
                "name": "virtualization-type",
                "values": [
                  "hvm"
                ]
              }
            ],
            "hypervisor": "xen",
            "id": "ami-0c43b23f011ba5061",
            "image_id": "ami-0c43b23f011ba5061",
            "image_location": "099720109477/ubuntu/images/hvm-ssd/ubuntu-focal-20.04-amd64-server-20200924",
            "image_owner_alias": null,
            "image_type": "machine",
            "kernel_id": null,
            "most_recent": true,
            "name": "ubuntu/images/hvm-ssd/ubuntu-focal-20.04-amd64-server-20200924",
            "name_regex": null,
            "owner_id": "099720109477",
            "owners": [
              "099720109477"
            ],
            "platform": null,
            "product_codes": [],
            "public": true,
            "ramdisk_id": null,
            "root_device_name": "/dev/sda1",
            "root_device_type": "ebs",
            "root_snapshot_id": "snap-0c18d947b49af768a",
            "sriov_net_support": "simple",
            "state": "available",
            "state_reason": {
              "code": "UNSET",
              "message": "UNSET"
            },
            "tags": {},
            "virtualization_type": "hvm"
          }
        }
      ]
    },
    {
      "mode": "data",
      "type": "aws_availability_zones",
      "name": "available",
      "provider": "provider[\"registry.terraform.io/hashicorp/aws\"]",
      "instances": [
        {
          "schema_version": 0,
          "attributes": {
            "all_availability_zones": null,
            "exclude_names": null,
            "exclude_zone_ids": null,
            "filter": null,
            "group_names": [
              "us-east-1"
            ],
            "id": "us-east-1",
            "names": [
              "us-east-1a",
              "us-east-1b",
              "us-east-1c",
              "us-east-1d",
              "us-east-1e",
              "us-east-1f"
            ],
            "state": "available",
            "zone_ids": [
              "use1-az1",
              "use1-az2",
              "use1-az4",
              "use1-az6",
              "use1-az3",
              "use1-az5"
            ]
          }
        }
      ]
    },
    {
      "mode": "data",
      "type": "aws_internet_gateway",
      "name": "default",
      "provider": "provider[\"registry.terraform.io/hashicorp/aws\"]",
      "instances": [
        {
          "schema_version": 0,
          "attributes": {
            "arn": "arn:aws:ec2:us-east-1:204463460498:internet-gateway/igw-793b4002",
            "attachments": [
              {
                "state": "available",
                "vpc_id": "vpc-587c6822"
              }
            ],
            "filter": [
              {
                "name": "attachment.vpc-id",
                "values": [
                  "vpc-587c6822"
                ]
              }
            ],
            "id": "igw-793b4002",
            "internet_gateway_id": "igw-793b4002",
            "owner_id": "204463460498",
            "tags": {}
          }
        }
      ]
    },
    {
      "mode": "data",
      "type": "aws_vpc",
      "name": "selected",
      "provider": "provider[\"registry.terraform.io/hashicorp/aws\"]",
      "instances": [
        {
          "schema_version": 0,
          "attributes": {
            "arn": "arn:aws:ec2:us-east-1:204463460498:vpc/vpc-587c6822",
            "cidr_block": "172.31.0.0/16",
            "cidr_block_associations": [
              {
                "association_id": "vpc-cidr-assoc-7280611d",
                "cidr_block": "172.31.0.0/16",
                "state": "associated"
              }
            ],
            "default": true,
            "dhcp_options_id": "dopt-0df74677",
            "enable_dns_hostnames": true,
            "enable_dns_support": true,
            "filter": null,
            "id": "vpc-587c6822",
            "instance_tenancy": "default",
            "ipv6_association_id": null,
            "ipv6_cidr_block": null,
            "main_route_table_id": "rtb-97c053e9",
            "owner_id": "204463460498",
            "state": "available",
            "tags": {}
          }
        }
      ]
    },
    {
      "mode": "managed",
      "type": "aws_default_vpc",
      "name": "default",
      "provider": "provider[\"registry.terraform.io/hashicorp/aws\"]",
      "instances": [
        {
          "schema_version": 1,
          "attributes": {
            "arn": "arn:aws:ec2:us-east-1:204463460498:vpc/vpc-587c6822",
            "assign_generated_ipv6_cidr_block": false,
            "cidr_block": "172.31.0.0/16",
            "default_network_acl_id": "acl-1f0e7162",
            "default_route_table_id": "rtb-97c053e9",
            "default_security_group_id": "sg-4b98056b",
            "dhcp_options_id": "dopt-0df74677",
            "enable_classiclink": false,
            "enable_classiclink_dns_support": false,
            "enable_dns_hostnames": true,
            "enable_dns_support": true,
            "id": "vpc-587c6822",
            "instance_tenancy": "default",
            "ipv6_association_id": "",
            "ipv6_cidr_block": "",
            "main_route_table_id": "rtb-97c053e9",
            "owner_id": "204463460498",
            "tags": null
          },
          "private": "eyJzY2hlbWFfdmVyc2lvbiI6IjEifQ=="
        }
      ]
    },
    {
      "mode": "managed",
      "type": "aws_elb",
      "name": "control_plane",
      "provider": "provider[\"registry.terraform.io/hashicorp/aws\"]",
      "instances": [
        {
          "schema_version": 0,
          "attributes": {
            "access_logs": [],
            "arn": "arn:aws:elasticloadbalancing:us-east-1:204463460498:loadbalancer/tchedre-k8s-udagram-api-lb",
            "availability_zones": [
              "us-east-1a",
              "us-east-1b",
              "us-east-1c"
            ],
            "connection_draining": false,
            "connection_draining_timeout": 300,
            "cross_zone_load_balancing": true,
            "dns_name": "tchedre-k8s-udagram-api-lb-678635016.us-east-1.elb.amazonaws.com",
            "health_check": [
              {
                "healthy_threshold": 2,
                "interval": 30,
                "target": "HTTPS:6443/healthz",
                "timeout": 3,
                "unhealthy_threshold": 2
              }
            ],
            "id": "tchedre-k8s-udagram-api-lb",
            "idle_timeout": 600,
            "instances": [
              "i-0329eb5ae1f99958e",
              "i-0850af4e8d1869755",
              "i-0a3a58a1cd748819b"
            ],
            "internal": false,
            "listener": [
              {
                "instance_port": 6443,
                "instance_protocol": "tcp",
                "lb_port": 6443,
                "lb_protocol": "tcp",
                "ssl_certificate_id": ""
              }
            ],
            "name": "tchedre-k8s-udagram-api-lb",
            "name_prefix": null,
            "security_groups": [
              "sg-08b5bcb75e0af7130",
              "sg-0c07cabef44564954"
            ],
            "source_security_group": "204463460498/tchedre-k8s-udagram-api-lb",
            "source_security_group_id": "sg-0c07cabef44564954",
            "subnets": [
              "subnet-00cf5d74b5fd03e31",
              "subnet-060e03e91a96f2e0b",
              "subnet-06f16f722318228ea"
            ],
            "tags": {
              "Cluster": "tchedre-k8s-udagram",
              "kubernetes.io/cluster/tchedre-k8s-udagram": "shared"
            },
            "zone_id": "Z35SXDOTRQ7X7K"
          },
          "private": "bnVsbA==",
          "dependencies": [
            "aws_default_vpc.default",
            "aws_iam_instance_profile.profile",
            "aws_iam_role.role",
            "aws_instance.control_plane",
            "aws_key_pair.deployer",
            "aws_security_group.common",
            "aws_security_group.elb",
            "aws_subnet.public",
            "data.aws_ami.ami",
            "data.aws_availability_zones.available",
            "data.aws_vpc.selected",
            "random_integer.cidr_block"
          ]
        }
      ]
    },
    {
      "mode": "managed",
      "type": "aws_iam_instance_profile",
      "name": "profile",
      "provider": "provider[\"registry.terraform.io/hashicorp/aws\"]",
      "instances": [
        {
          "schema_version": 0,
          "attributes": {
            "arn": "arn:aws:iam::204463460498:instance-profile/tchedre-k8s-udagram-host",
            "create_date": "2020-10-11T10:16:00Z",
            "id": "tchedre-k8s-udagram-host",
            "name": "tchedre-k8s-udagram-host",
            "name_prefix": null,
            "path": "/",
            "role": "tchedre-k8s-udagram-host",
            "unique_id": "AIPAS7GXY2CJC2EJL2XHE"
          },
          "private": "bnVsbA==",
          "dependencies": [
            "aws_iam_role.role"
          ]
        }
      ]
    },
    {
      "mode": "managed",
      "type": "aws_iam_role",
      "name": "role",
      "provider": "provider[\"registry.terraform.io/hashicorp/aws\"]",
      "instances": [
        {
          "schema_version": 0,
          "attributes": {
            "arn": "arn:aws:iam::204463460498:role/tchedre-k8s-udagram-host",
            "assume_role_policy": "{\"Version\":\"2012-10-17\",\"Statement\":[{\"Effect\":\"Allow\",\"Principal\":{\"Service\":\"ec2.amazonaws.com\"},\"Action\":\"sts:AssumeRole\"}]}",
            "create_date": "2020-10-11T10:15:59Z",
            "description": "",
            "force_detach_policies": false,
            "id": "tchedre-k8s-udagram-host",
            "max_session_duration": 3600,
            "name": "tchedre-k8s-udagram-host",
            "name_prefix": null,
            "path": "/",
            "permissions_boundary": null,
            "tags": null,
            "unique_id": "AROAS7GXY2CJBMI6WOQBQ"
          },
          "private": "bnVsbA=="
        }
      ]
    },
    {
      "mode": "managed",
      "type": "aws_iam_role_policy",
      "name": "policy",
      "provider": "provider[\"registry.terraform.io/hashicorp/aws\"]",
      "instances": [
        {
          "schema_version": 0,
          "attributes": {
            "id": "tchedre-k8s-udagram-host:tchedre-k8s-udagram-host",
            "name": "tchedre-k8s-udagram-host",
            "name_prefix": null,
            "policy": "{\"Statement\":[{\"Action\":[\"ec2:*\"],\"Effect\":\"Allow\",\"Resource\":[\"*\"]},{\"Action\":[\"elasticloadbalancing:*\"],\"Effect\":\"Allow\",\"Resource\":[\"*\"]}],\"Version\":\"2012-10-17\"}",
            "role": "tchedre-k8s-udagram-host"
          },
          "private": "bnVsbA==",
          "dependencies": [
            "aws_iam_role.role"
          ]
        }
      ]
    },
    {
      "mode": "managed",
      "type": "aws_instance",
      "name": "bastion",
      "provider": "provider[\"registry.terraform.io/hashicorp/aws\"]",
      "instances": [
        {
          "schema_version": 1,
          "attributes": {
            "ami": "ami-0c43b23f011ba5061",
            "arn": "arn:aws:ec2:us-east-1:204463460498:instance/i-04cb23a3633b5463d",
            "associate_public_ip_address": true,
            "availability_zone": "us-east-1a",
            "cpu_core_count": 1,
            "cpu_threads_per_core": 2,
            "credit_specification": [
              {
                "cpu_credits": "unlimited"
              }
            ],
            "disable_api_termination": false,
            "ebs_block_device": [],
            "ebs_optimized": false,
            "ephemeral_block_device": [],
            "get_password_data": false,
            "hibernation": false,
            "host_id": null,
            "iam_instance_profile": "",
            "id": "i-04cb23a3633b5463d",
            "instance_initiated_shutdown_behavior": null,
            "instance_state": "running",
            "instance_type": "t3.nano",
            "ipv6_address_count": 0,
            "ipv6_addresses": [],
            "key_name": "tchedre-k8s-udagram-deployer-key",
            "metadata_options": [
              {
                "http_endpoint": "enabled",
                "http_put_response_hop_limit": 1,
                "http_tokens": "optional"
              }
            ],
            "monitoring": false,
            "network_interface": [],
            "outpost_arn": "",
            "password_data": "",
            "placement_group": "",
            "primary_network_interface_id": "eni-0a59c8d509b888e56",
            "private_dns": "ip-172-31-112-55.ec2.internal",
            "private_ip": "172.31.112.55",
            "public_dns": "ec2-3-237-196-32.compute-1.amazonaws.com",
            "public_ip": "3.237.196.32",
            "root_block_device": [
              {
                "delete_on_termination": true,
                "device_name": "/dev/sda1",
                "encrypted": false,
                "iops": 300,
                "kms_key_id": "",
                "volume_id": "vol-0f743d310649ef2b1",
                "volume_size": 100,
                "volume_type": "gp2"
              }
            ],
            "secondary_private_ips": [],
            "security_groups": [
              "tchedre-k8s-udagram-common",
              "tchedre-k8s-udagram-ssh"
            ],
            "source_dest_check": true,
            "subnet_id": "subnet-060e03e91a96f2e0b",
            "tags": {
              "Cluster": "tchedre-k8s-udagram",
              "Name": "tchedre-k8s-udagram-bastion",
              "kubernetes.io/cluster/tchedre-k8s-udagram": "shared"
            },
            "tenancy": "default",
            "timeouts": null,
            "user_data": null,
            "user_data_base64": null,
            "volume_tags": {},
            "vpc_security_group_ids": [
              "sg-08b5bcb75e0af7130",
              "sg-0e79af174c6de5816"
            ]
          },
          "private": "eyJlMmJmYjczMC1lY2FhLTExZTYtOGY4OC0zNDM2M2JjN2M0YzAiOnsiY3JlYXRlIjo2MDAwMDAwMDAwMDAsImRlbGV0ZSI6MTIwMDAwMDAwMDAwMCwidXBkYXRlIjo2MDAwMDAwMDAwMDB9LCJzY2hlbWFfdmVyc2lvbiI6IjEifQ==",
          "dependencies": [
            "aws_default_vpc.default",
            "aws_key_pair.deployer",
            "aws_security_group.common",
            "aws_security_group.ssh",
            "aws_subnet.public",
            "data.aws_ami.ami",
            "data.aws_availability_zones.available",
            "data.aws_vpc.selected",
            "random_integer.cidr_block"
          ]
        }
      ]
    },
    {
      "mode": "managed",
      "type": "aws_instance",
      "name": "control_plane",
      "provider": "provider[\"registry.terraform.io/hashicorp/aws\"]",
      "instances": [
        {
          "index_key": 0,
          "schema_version": 1,
          "attributes": {
            "ami": "ami-0c43b23f011ba5061",
            "arn": "arn:aws:ec2:us-east-1:204463460498:instance/i-0a3a58a1cd748819b",
            "associate_public_ip_address": true,
            "availability_zone": "us-east-1a",
            "cpu_core_count": 1,
            "cpu_threads_per_core": 2,
            "credit_specification": [
              {
                "cpu_credits": "unlimited"
              }
            ],
            "disable_api_termination": false,
            "ebs_block_device": [],
            "ebs_optimized": true,
            "ephemeral_block_device": [],
            "get_password_data": false,
            "hibernation": false,
            "host_id": null,
            "iam_instance_profile": "tchedre-k8s-udagram-host",
            "id": "i-0a3a58a1cd748819b",
            "instance_initiated_shutdown_behavior": null,
            "instance_state": "running",
            "instance_type": "t3.medium",
            "ipv6_address_count": 0,
            "ipv6_addresses": [],
            "key_name": "tchedre-k8s-udagram-deployer-key",
            "metadata_options": [
              {
                "http_endpoint": "enabled",
                "http_put_response_hop_limit": 1,
                "http_tokens": "optional"
              }
            ],
            "monitoring": false,
            "network_interface": [],
            "outpost_arn": "",
            "password_data": "",
            "placement_group": "",
            "primary_network_interface_id": "eni-0c33d5f1a3bf9df31",
            "private_dns": "ip-172-31-112-165.ec2.internal",
            "private_ip": "172.31.112.165",
            "public_dns": "ec2-3-228-23-157.compute-1.amazonaws.com",
            "public_ip": "3.228.23.157",
            "root_block_device": [
              {
                "delete_on_termination": true,
                "device_name": "/dev/sda1",
                "encrypted": false,
                "iops": 300,
                "kms_key_id": "",
                "volume_id": "vol-0ae847fa1f0e5a12c",
                "volume_size": 100,
                "volume_type": "gp2"
              }
            ],
            "secondary_private_ips": [],
            "security_groups": [
              "tchedre-k8s-udagram-common"
            ],
            "source_dest_check": true,
            "subnet_id": "subnet-060e03e91a96f2e0b",
            "tags": {
              "Name": "tchedre-k8s-udagram-cp-1",
              "kubernetes.io/cluster/tchedre-k8s-udagram": "shared"
            },
            "tenancy": "default",
            "timeouts": null,
            "user_data": null,
            "user_data_base64": null,
            "volume_tags": {},
            "vpc_security_group_ids": [
              "sg-08b5bcb75e0af7130"
            ]
          },
          "private": "eyJlMmJmYjczMC1lY2FhLTExZTYtOGY4OC0zNDM2M2JjN2M0YzAiOnsiY3JlYXRlIjo2MDAwMDAwMDAwMDAsImRlbGV0ZSI6MTIwMDAwMDAwMDAwMCwidXBkYXRlIjo2MDAwMDAwMDAwMDB9LCJzY2hlbWFfdmVyc2lvbiI6IjEifQ==",
          "dependencies": [
            "aws_default_vpc.default",
            "aws_iam_instance_profile.profile",
            "aws_iam_role.role",
            "aws_key_pair.deployer",
            "aws_security_group.common",
            "aws_subnet.public",
            "data.aws_ami.ami",
            "data.aws_availability_zones.available",
            "data.aws_vpc.selected",
            "random_integer.cidr_block"
          ]
        },
        {
          "index_key": 1,
          "schema_version": 1,
          "attributes": {
            "ami": "ami-0c43b23f011ba5061",
            "arn": "arn:aws:ec2:us-east-1:204463460498:instance/i-0850af4e8d1869755",
            "associate_public_ip_address": true,
            "availability_zone": "us-east-1b",
            "cpu_core_count": 1,
            "cpu_threads_per_core": 2,
            "credit_specification": [
              {
                "cpu_credits": "unlimited"
              }
            ],
            "disable_api_termination": false,
            "ebs_block_device": [],
            "ebs_optimized": true,
            "ephemeral_block_device": [],
            "get_password_data": false,
            "hibernation": false,
            "host_id": null,
            "iam_instance_profile": "tchedre-k8s-udagram-host",
            "id": "i-0850af4e8d1869755",
            "instance_initiated_shutdown_behavior": null,
            "instance_state": "running",
            "instance_type": "t3.medium",
            "ipv6_address_count": 0,
            "ipv6_addresses": [],
            "key_name": "tchedre-k8s-udagram-deployer-key",
            "metadata_options": [
              {
                "http_endpoint": "enabled",
                "http_put_response_hop_limit": 1,
                "http_tokens": "optional"
              }
            ],
            "monitoring": false,
            "network_interface": [],
            "outpost_arn": "",
            "password_data": "",
            "placement_group": "",
            "primary_network_interface_id": "eni-0e1468de1045d61b0",
            "private_dns": "ip-172-31-113-39.ec2.internal",
            "private_ip": "172.31.113.39",
            "public_dns": "ec2-18-212-169-119.compute-1.amazonaws.com",
            "public_ip": "18.212.169.119",
            "root_block_device": [
              {
                "delete_on_termination": true,
                "device_name": "/dev/sda1",
                "encrypted": false,
                "iops": 300,
                "kms_key_id": "",
                "volume_id": "vol-0be27bd36f6fc60c0",
                "volume_size": 100,
                "volume_type": "gp2"
              }
            ],
            "secondary_private_ips": [],
            "security_groups": [
              "tchedre-k8s-udagram-common"
            ],
            "source_dest_check": true,
            "subnet_id": "subnet-00cf5d74b5fd03e31",
            "tags": {
              "Name": "tchedre-k8s-udagram-cp-2",
              "kubernetes.io/cluster/tchedre-k8s-udagram": "shared"
            },
            "tenancy": "default",
            "timeouts": null,
            "user_data": null,
            "user_data_base64": null,
            "volume_tags": {},
            "vpc_security_group_ids": [
              "sg-08b5bcb75e0af7130"
            ]
          },
          "private": "eyJlMmJmYjczMC1lY2FhLTExZTYtOGY4OC0zNDM2M2JjN2M0YzAiOnsiY3JlYXRlIjo2MDAwMDAwMDAwMDAsImRlbGV0ZSI6MTIwMDAwMDAwMDAwMCwidXBkYXRlIjo2MDAwMDAwMDAwMDB9LCJzY2hlbWFfdmVyc2lvbiI6IjEifQ==",
          "dependencies": [
            "aws_default_vpc.default",
            "aws_iam_instance_profile.profile",
            "aws_iam_role.role",
            "aws_key_pair.deployer",
            "aws_security_group.common",
            "aws_subnet.public",
            "data.aws_ami.ami",
            "data.aws_availability_zones.available",
            "data.aws_vpc.selected",
            "random_integer.cidr_block"
          ]
        },
        {
          "index_key": 2,
          "schema_version": 1,
          "attributes": {
            "ami": "ami-0c43b23f011ba5061",
            "arn": "arn:aws:ec2:us-east-1:204463460498:instance/i-0329eb5ae1f99958e",
            "associate_public_ip_address": true,
            "availability_zone": "us-east-1c",
            "cpu_core_count": 1,
            "cpu_threads_per_core": 2,
            "credit_specification": [
              {
                "cpu_credits": "unlimited"
              }
            ],
            "disable_api_termination": false,
            "ebs_block_device": [],
            "ebs_optimized": true,
            "ephemeral_block_device": [],
            "get_password_data": false,
            "hibernation": false,
            "host_id": null,
            "iam_instance_profile": "tchedre-k8s-udagram-host",
            "id": "i-0329eb5ae1f99958e",
            "instance_initiated_shutdown_behavior": null,
            "instance_state": "running",
            "instance_type": "t3.medium",
            "ipv6_address_count": 0,
            "ipv6_addresses": [],
            "key_name": "tchedre-k8s-udagram-deployer-key",
            "metadata_options": [
              {
                "http_endpoint": "enabled",
                "http_put_response_hop_limit": 1,
                "http_tokens": "optional"
              }
            ],
            "monitoring": false,
            "network_interface": [],
            "outpost_arn": "",
            "password_data": "",
            "placement_group": "",
            "primary_network_interface_id": "eni-08851380f87ede5bb",
            "private_dns": "ip-172-31-114-17.ec2.internal",
            "private_ip": "172.31.114.17",
            "public_dns": "ec2-54-146-201-34.compute-1.amazonaws.com",
            "public_ip": "54.146.201.34",
            "root_block_device": [
              {
                "delete_on_termination": true,
                "device_name": "/dev/sda1",
                "encrypted": false,
                "iops": 300,
                "kms_key_id": "",
                "volume_id": "vol-012ffdcd145d2a537",
                "volume_size": 100,
                "volume_type": "gp2"
              }
            ],
            "secondary_private_ips": [],
            "security_groups": [
              "tchedre-k8s-udagram-common"
            ],
            "source_dest_check": true,
            "subnet_id": "subnet-06f16f722318228ea",
            "tags": {
              "Name": "tchedre-k8s-udagram-cp-3",
              "kubernetes.io/cluster/tchedre-k8s-udagram": "shared"
            },
            "tenancy": "default",
            "timeouts": null,
            "user_data": null,
            "user_data_base64": null,
            "volume_tags": {},
            "vpc_security_group_ids": [
              "sg-08b5bcb75e0af7130"
            ]
          },
          "private": "eyJlMmJmYjczMC1lY2FhLTExZTYtOGY4OC0zNDM2M2JjN2M0YzAiOnsiY3JlYXRlIjo2MDAwMDAwMDAwMDAsImRlbGV0ZSI6MTIwMDAwMDAwMDAwMCwidXBkYXRlIjo2MDAwMDAwMDAwMDB9LCJzY2hlbWFfdmVyc2lvbiI6IjEifQ==",
          "dependencies": [
            "aws_default_vpc.default",
            "aws_iam_instance_profile.profile",
            "aws_iam_role.role",
            "aws_key_pair.deployer",
            "aws_security_group.common",
            "aws_subnet.public",
            "data.aws_ami.ami",
            "data.aws_availability_zones.available",
            "data.aws_vpc.selected",
            "random_integer.cidr_block"
          ]
        }
      ]
    },
    {
      "mode": "managed",
      "type": "aws_key_pair",
      "name": "deployer",
      "provider": "provider[\"registry.terraform.io/hashicorp/aws\"]",
      "instances": [
        {
          "schema_version": 1,
          "attributes": {
            "arn": "arn:aws:ec2:us-east-1:204463460498:key-pair/tchedre-k8s-udagram-deployer-key",
            "fingerprint": "f2:59:50:bd:cd:ba:72:2b:2b:5a:fc:2a:cb:78:d2:e1",
            "id": "tchedre-k8s-udagram-deployer-key",
            "key_name": "tchedre-k8s-udagram-deployer-key",
            "key_name_prefix": null,
            "key_pair_id": "key-0cc7d6ab03752138c",
            "public_key": "ssh-rsa AAAAB3NzaC1yc2EAAAADAQABAAABgQDAnDHvPg4XqpdJ9h/UT2gywk2+3skXCP6aBXbva78dILIX1dEVQz6xZz5Zc981UN1bcyu/JMLPjDCp22fQPw7h2U0xCNlrcPntRfWyj+9S//uOiB3Cik3eK5caODenbDCKe7N1x2PB33KlcOQhw/LXUOEsSMmsR7YUoYstjm49IyMw8lTXO5xQ+d6ntgptWA80CKLU5kpW2yIUJleDR53Y4QQevJxXe2MxBVkuww1ImVl6gMscroLr9OUaS+txZKtgk+QQk5MrZnDxSr4MgC2j4GuJJbd4MrkXAtlWf6LINXC7Hmt74hbzBcjcG488YCgPKIlCV0RR7VBLHeSCHiihtj0Lx3W9F6AtQlKn/76pO3yfJBLj1P7Rq1MwEzFEQC5Kio1PBoFwVyJu1A0ZQSOe/rQ6SWQFw5HpGxpzH0OuUKiPLxrMf4o2ZmGYxgVeUDO0NI83j62B5Z8B5za+a3Rq9tSt1tClgJQq/Emth6KSEyBAQ4UaXAU1P7EkhuCXRPc= tchedre@tchedre-OptiPlex-9010",
            "tags": null
          },
          "private": "eyJzY2hlbWFfdmVyc2lvbiI6IjEifQ=="
        }
      ]
    },
    {
      "mode": "managed",
      "type": "aws_security_group",
      "name": "common",
      "provider": "provider[\"registry.terraform.io/hashicorp/aws\"]",
      "instances": [
        {
          "schema_version": 1,
          "attributes": {
            "arn": "arn:aws:ec2:us-east-1:204463460498:security-group/sg-08b5bcb75e0af7130",
            "description": "cluster common rules",
            "egress": [],
            "id": "sg-08b5bcb75e0af7130",
            "ingress": [],
            "name": "tchedre-k8s-udagram-common",
            "name_prefix": "",
            "owner_id": "204463460498",
            "revoke_rules_on_delete": false,
            "tags": {
              "Cluster": "tchedre-k8s-udagram",
              "kubernetes.io/cluster/tchedre-k8s-udagram": "shared"
            },
            "timeouts": null,
            "vpc_id": "vpc-587c6822"
          },
          "private": "eyJlMmJmYjczMC1lY2FhLTExZTYtOGY4OC0zNDM2M2JjN2M0YzAiOnsiY3JlYXRlIjo2MDAwMDAwMDAwMDAsImRlbGV0ZSI6NjAwMDAwMDAwMDAwfSwic2NoZW1hX3ZlcnNpb24iOiIxIn0=",
          "dependencies": [
            "aws_default_vpc.default",
            "data.aws_vpc.selected"
          ]
        }
      ]
    },
    {
      "mode": "managed",
      "type": "aws_security_group",
      "name": "elb",
      "provider": "provider[\"registry.terraform.io/hashicorp/aws\"]",
      "instances": [
        {
          "schema_version": 1,
          "attributes": {
            "arn": "arn:aws:ec2:us-east-1:204463460498:security-group/sg-0c07cabef44564954",
            "description": "kube-api firewall",
            "egress": [
              {
                "cidr_blocks": [
                  "0.0.0.0/0"
                ],
                "description": "allow all outgoing traffic",
                "from_port": 0,
                "ipv6_cidr_blocks": [],
                "prefix_list_ids": [],
                "protocol": "-1",
                "security_groups": [],
                "self": false,
                "to_port": 0
              }
            ],
            "id": "sg-0c07cabef44564954",
            "ingress": [
              {
                "cidr_blocks": [
                  "0.0.0.0/0"
                ],
                "description": "allow anyone to connect to tcp/6443",
                "from_port": 6443,
                "ipv6_cidr_blocks": [],
                "prefix_list_ids": [],
                "protocol": "tcp",
                "security_groups": [],
                "self": false,
                "to_port": 6443
              }
            ],
            "name": "tchedre-k8s-udagram-api-lb",
            "name_prefix": "",
            "owner_id": "204463460498",
            "revoke_rules_on_delete": false,
            "tags": {
              "Cluster": "tchedre-k8s-udagram"
            },
            "timeouts": null,
            "vpc_id": "vpc-587c6822"
          },
          "private": "eyJlMmJmYjczMC1lY2FhLTExZTYtOGY4OC0zNDM2M2JjN2M0YzAiOnsiY3JlYXRlIjo2MDAwMDAwMDAwMDAsImRlbGV0ZSI6NjAwMDAwMDAwMDAwfSwic2NoZW1hX3ZlcnNpb24iOiIxIn0=",
          "dependencies": [
            "aws_default_vpc.default",
            "data.aws_vpc.selected"
          ]
        }
      ]
    },
    {
      "mode": "managed",
      "type": "aws_security_group",
      "name": "ssh",
      "provider": "provider[\"registry.terraform.io/hashicorp/aws\"]",
      "instances": [
        {
          "schema_version": 1,
          "attributes": {
            "arn": "arn:aws:ec2:us-east-1:204463460498:security-group/sg-0e79af174c6de5816",
            "description": "ssh access",
            "egress": [],
            "id": "sg-0e79af174c6de5816",
            "ingress": [
              {
                "cidr_blocks": [
                  "0.0.0.0/0"
                ],
                "description": "allow incomming SSH",
                "from_port": 22,
                "ipv6_cidr_blocks": [],
                "prefix_list_ids": [],
                "protocol": "tcp",
                "security_groups": [],
                "self": false,
                "to_port": 22
              }
            ],
            "name": "tchedre-k8s-udagram-ssh",
            "name_prefix": "",
            "owner_id": "204463460498",
            "revoke_rules_on_delete": false,
            "tags": {
              "Cluster": "tchedre-k8s-udagram"
            },
            "timeouts": null,
            "vpc_id": "vpc-587c6822"
          },
          "private": "eyJlMmJmYjczMC1lY2FhLTExZTYtOGY4OC0zNDM2M2JjN2M0YzAiOnsiY3JlYXRlIjo2MDAwMDAwMDAwMDAsImRlbGV0ZSI6NjAwMDAwMDAwMDAwfSwic2NoZW1hX3ZlcnNpb24iOiIxIn0=",
          "dependencies": [
            "aws_default_vpc.default",
            "data.aws_vpc.selected"
          ]
        }
      ]
    },
    {
      "mode": "managed",
      "type": "aws_security_group_rule",
      "name": "egress_allow_all",
      "provider": "provider[\"registry.terraform.io/hashicorp/aws\"]",
      "instances": [
        {
          "schema_version": 2,
          "attributes": {
            "cidr_blocks": [
              "0.0.0.0/0"
            ],
            "description": "allow all outgoing traffic",
            "from_port": 0,
            "id": "sgrule-4135266112",
            "ipv6_cidr_blocks": null,
            "prefix_list_ids": null,
            "protocol": "-1",
            "security_group_id": "sg-08b5bcb75e0af7130",
            "self": false,
            "source_security_group_id": null,
            "to_port": 0,
            "type": "egress"
          },
          "private": "eyJzY2hlbWFfdmVyc2lvbiI6IjIifQ==",
          "dependencies": [
            "aws_default_vpc.default",
            "aws_security_group.common",
            "data.aws_vpc.selected"
          ]
        }
      ]
    },
    {
      "mode": "managed",
      "type": "aws_security_group_rule",
      "name": "ingress_self_allow_all",
      "provider": "provider[\"registry.terraform.io/hashicorp/aws\"]",
      "instances": [
        {
          "schema_version": 2,
          "attributes": {
            "cidr_blocks": null,
            "description": "allow all incomming traffic from members of this group",
            "from_port": 0,
            "id": "sgrule-3405567160",
            "ipv6_cidr_blocks": null,
            "prefix_list_ids": null,
            "protocol": "-1",
            "security_group_id": "sg-08b5bcb75e0af7130",
            "self": true,
            "source_security_group_id": null,
            "to_port": 0,
            "type": "ingress"
          },
          "private": "eyJzY2hlbWFfdmVyc2lvbiI6IjIifQ==",
          "dependencies": [
            "aws_default_vpc.default",
            "aws_security_group.common",
            "data.aws_vpc.selected"
          ]
        }
      ]
    },
    {
      "mode": "managed",
      "type": "aws_subnet",
      "name": "public",
      "provider": "provider[\"registry.terraform.io/hashicorp/aws\"]",
      "instances": [
        {
          "index_key": 0,
          "schema_version": 1,
          "attributes": {
            "arn": "arn:aws:ec2:us-east-1:204463460498:subnet/subnet-060e03e91a96f2e0b",
            "assign_ipv6_address_on_creation": false,
            "availability_zone": "us-east-1a",
            "availability_zone_id": "use1-az1",
            "cidr_block": "172.31.112.0/24",
            "id": "subnet-060e03e91a96f2e0b",
            "ipv6_cidr_block": "",
            "ipv6_cidr_block_association_id": "",
            "map_public_ip_on_launch": true,
            "outpost_arn": "",
            "owner_id": "204463460498",
            "tags": {
              "Cluster": "tchedre-k8s-udagram",
              "Name": "tchedre-k8s-udagram-us-east-1a",
              "kubernetes.io/cluster/tchedre-k8s-udagram": "shared"
            },
            "timeouts": null,
            "vpc_id": "vpc-587c6822"
          },
          "private": "eyJlMmJmYjczMC1lY2FhLTExZTYtOGY4OC0zNDM2M2JjN2M0YzAiOnsiY3JlYXRlIjo2MDAwMDAwMDAwMDAsImRlbGV0ZSI6MTIwMDAwMDAwMDAwMH0sInNjaGVtYV92ZXJzaW9uIjoiMSJ9",
          "dependencies": [
            "aws_default_vpc.default",
            "data.aws_availability_zones.available",
            "data.aws_vpc.selected",
            "random_integer.cidr_block"
          ]
        },
        {
          "index_key": 1,
          "schema_version": 1,
          "attributes": {
            "arn": "arn:aws:ec2:us-east-1:204463460498:subnet/subnet-00cf5d74b5fd03e31",
            "assign_ipv6_address_on_creation": false,
            "availability_zone": "us-east-1b",
            "availability_zone_id": "use1-az2",
            "cidr_block": "172.31.113.0/24",
            "id": "subnet-00cf5d74b5fd03e31",
            "ipv6_cidr_block": "",
            "ipv6_cidr_block_association_id": "",
            "map_public_ip_on_launch": true,
            "outpost_arn": "",
            "owner_id": "204463460498",
            "tags": {
              "Cluster": "tchedre-k8s-udagram",
              "Name": "tchedre-k8s-udagram-us-east-1b",
              "kubernetes.io/cluster/tchedre-k8s-udagram": "shared"
            },
            "timeouts": null,
            "vpc_id": "vpc-587c6822"
          },
          "private": "eyJlMmJmYjczMC1lY2FhLTExZTYtOGY4OC0zNDM2M2JjN2M0YzAiOnsiY3JlYXRlIjo2MDAwMDAwMDAwMDAsImRlbGV0ZSI6MTIwMDAwMDAwMDAwMH0sInNjaGVtYV92ZXJzaW9uIjoiMSJ9",
          "dependencies": [
            "aws_default_vpc.default",
            "data.aws_availability_zones.available",
            "data.aws_vpc.selected",
            "random_integer.cidr_block"
          ]
        },
        {
          "index_key": 2,
          "schema_version": 1,
          "attributes": {
            "arn": "arn:aws:ec2:us-east-1:204463460498:subnet/subnet-06f16f722318228ea",
            "assign_ipv6_address_on_creation": false,
            "availability_zone": "us-east-1c",
            "availability_zone_id": "use1-az4",
            "cidr_block": "172.31.114.0/24",
            "id": "subnet-06f16f722318228ea",
            "ipv6_cidr_block": "",
            "ipv6_cidr_block_association_id": "",
            "map_public_ip_on_launch": true,
            "outpost_arn": "",
            "owner_id": "204463460498",
            "tags": {
              "Cluster": "tchedre-k8s-udagram",
              "Name": "tchedre-k8s-udagram-us-east-1c",
              "kubernetes.io/cluster/tchedre-k8s-udagram": "shared"
            },
            "timeouts": null,
            "vpc_id": "vpc-587c6822"
          },
          "private": "eyJlMmJmYjczMC1lY2FhLTExZTYtOGY4OC0zNDM2M2JjN2M0YzAiOnsiY3JlYXRlIjo2MDAwMDAwMDAwMDAsImRlbGV0ZSI6MTIwMDAwMDAwMDAwMH0sInNjaGVtYV92ZXJzaW9uIjoiMSJ9",
          "dependencies": [
            "aws_default_vpc.default",
            "data.aws_availability_zones.available",
            "data.aws_vpc.selected",
            "random_integer.cidr_block"
          ]
        }
      ]
    },
    {
      "mode": "managed",
      "type": "random_integer",
      "name": "cidr_block",
      "provider": "provider[\"registry.terraform.io/hashicorp/random\"]",
      "instances": [
        {
          "schema_version": 0,
          "attributes": {
            "id": "112",
            "keepers": null,
            "max": 255,
            "min": 0,
            "result": 112,
            "seed": null
          },
          "private": "bnVsbA==",
          "dependencies": [
            "aws_default_vpc.default",
            "data.aws_vpc.selected"
          ]
        }
      ]
    }
  ]
}
